
Microsoft Visual Studio Solution File, Format Version 12.00
# Visual Studio Version 16
VisualStudioVersion = 16.0.29209.62
MinimumVisualStudioVersion = 10.0.40219.1
Project("{2150E333-8FDC-42A3-9474-1A3956D46DE8}") = "01_Entity", "01_Entity", "{4E96BA9B-A760-400A-81C1-10F22B0BB05C}"
EndProject
Project("{2150E333-8FDC-42A3-9474-1A3956D46DE8}") = "02_Service", "02_Service", "{282322FB-34C4-4FAC-9BD3-C7B29D6BCD56}"
EndProject
Project("{2150E333-8FDC-42A3-9474-1A3956D46DE8}") = "Service", "Service", "{43B90E58-B925-4A04-ACF6-D6A97F38214D}"
EndProject
Project("{2150E333-8FDC-42A3-9474-1A3956D46DE8}") = "03_Portal", "03_Portal", "{45C90E43-2BAC-4D7D-BC6A-166739FA1F43}"
EndProject
Project("{2150E333-8FDC-42A3-9474-1A3956D46DE8}") = "SubSystem", "SubSystem", "{C838459A-5EEF-4052-934F-B6B11A51DEEF}"
EndProject
Project("{2150E333-8FDC-42A3-9474-1A3956D46DE8}") = "WebHost", "WebHost", "{7BD39E34-7919-48DF-A213-B6F5255A75D2}"
EndProject
Project("{FAE04EC0-301F-11D3-BF4B-00C04F79EFBC}") = "LYY.EnterpriseWxMgt.WebHost", "03_Portal\LYY.EnterpriseWxMgt.WebHost.csproj", "{FD59122D-FEB8-41D6-B2F2-714B7A8684F2}"
EndProject
Project("{FAE04EC0-301F-11D3-BF4B-00C04F79EFBC}") = "LYY.EnterpriseWxMgt.OperationMgt.Portal", "03_Portal\SubSystem\OperationMgt\LYY.EnterpriseWxMgt.OperationMgt.Portal.csproj", "{23746F54-D557-4734-A4DB-B11FE43E9EA5}"
EndProject
Project("{2150E333-8FDC-42A3-9474-1A3956D46DE8}") = "AuthCenterService", "AuthCenterService", "{79BEE873-A764-43C8-881A-838CC09FB8EE}"
EndProject
Project("{FAE04EC0-301F-11D3-BF4B-00C04F79EFBC}") = "LYY.AuthCenterService.DataAccess", "02_Service\Service\AuthCenterService\LYY.AuthCenterService.DataAccess\LYY.AuthCenterService.DataAccess.csproj", "{693E44AE-218E-4177-9AC6-BEEC00F64F7A}"
EndProject
Project("{FAE04EC0-301F-11D3-BF4B-00C04F79EFBC}") = "LYY.AuthCenterService.Service", "02_Service\Service\AuthCenterService\LYY.AuthCenterService.Service\LYY.AuthCenterService.Service.csproj", "{A289F048-AE53-4F01-A73F-7A4145D196B1}"
EndProject
Project("{FAE04EC0-301F-11D3-BF4B-00C04F79EFBC}") = "LYY.AuthCenter.Entity", "01_Entity\LYY.AuthCenter.Entity\LYY.AuthCenter.Entity.csproj", "{105FC1CA-E6C1-452E-B638-157F9688A902}"
EndProject
Project("{FAE04EC0-301F-11D3-BF4B-00C04F79EFBC}") = "LYY.Plan.Entity", "01_Entity\LYY.Plan.Entity\LYY.Plan.Entity.csproj", "{60B6B4DB-67C2-4405-93D4-2BB697196808}"
EndProject
Project("{FAE04EC0-301F-11D3-BF4B-00C04F79EFBC}") = "LYY.PlanService.DataAccess", "02_Service\Service\PlanService\LYY.PlanService.DataAccess\LYY.PlanService.DataAccess.csproj", "{B77A9415-D73E-4510-8791-35EADF689029}"
EndProject
Project("{2150E333-8FDC-42A3-9474-1A3956D46DE8}") = "PlanService", "PlanService", "{B380A95C-523B-402A-8AD4-987423CC8D60}"
EndProject
Project("{FAE04EC0-301F-11D3-BF4B-00C04F79EFBC}") = "LYY.PlanService.Service", "02_Service\Service\PlanService\LYY.PlanService.Service\LYY.PlanService.Service.csproj", "{703F5747-A7C1-4CAB-8899-51CB3DCDA844}"
EndProject
Project("{FAE04EC0-301F-11D3-BF4B-00C04F79EFBC}") = "LYY.Document.Entity", "01_Entity\LYY.Document.Entity\LYY.Document.Entity.csproj", "{98626A16-7A5D-4580-AD9C-B55895E2E1A8}"
EndProject
Project("{2150E333-8FDC-42A3-9474-1A3956D46DE8}") = "DocumentService", "DocumentService", "{81D8AE81-D407-4577-B62A-5DE5BBBA5D97}"
EndProject
Project("{FAE04EC0-301F-11D3-BF4B-00C04F79EFBC}") = "LYY.DocumentService.DataAccess", "02_Service\Service\DocumentService\LYY.DocumentService.DataAccess\LYY.DocumentService.DataAccess.csproj", "{3123D0DC-0489-4F1C-BA09-BACB58127D11}"
EndProject
Project("{FAE04EC0-301F-11D3-BF4B-00C04F79EFBC}") = "LYY.DocumentService.Service", "02_Service\Service\DocumentService\LYY.DocumentService.Service\LYY.DocumentService.Service.csproj", "{84344625-7F62-413E-9EB1-89AA5CDCB2A0}"
EndProject
Project("{FAE04EC0-301F-11D3-BF4B-00C04F79EFBC}") = "LYY.Article.Entity", "01_Entity\LYY.Article.Entity\LYY.Article.Entity.csproj", "{72B54B8D-A5E8-44A8-920A-2D40CE52F107}"
EndProject
Project("{FAE04EC0-301F-11D3-BF4B-00C04F79EFBC}") = "LYY.Common.Entity", "01_Entity\LYY.Common.Entity\LYY.Common.Entity.csproj", "{379BF747-BF5B-4552-9F96-AB6AFD21A7F7}"
EndProject
Project("{2150E333-8FDC-42A3-9474-1A3956D46DE8}") = "ArticleService", "ArticleService", "{367E7ED6-8136-487A-80D3-90309271D748}"
EndProject
Project("{FAE04EC0-301F-11D3-BF4B-00C04F79EFBC}") = "LYY.ArticleService.Service", "02_Service\Service\ArticleService\LYY.ArticleService.Service\LYY.ArticleService.Service.csproj", "{F637E8AF-9EC0-438D-9EEF-EFBD9480E545}"
EndProject
Project("{FAE04EC0-301F-11D3-BF4B-00C04F79EFBC}") = "LYY.ArticleService.DataAccess", "02_Service\Service\ArticleService\LYY.ArticleService.DataAccess\LYY.ArticleService.DataAccess.csproj", "{55114C87-EA7C-4846-9C4A-7C56C0C4F9A5}"
EndProject
Project("{FAE04EC0-301F-11D3-BF4B-00C04F79EFBC}") = "LYY.Subject.Entity", "01_Entity\LYY.Subject.Entity\LYY.Subject.Entity.csproj", "{C877E0B1-21DE-4519-8460-FDC918E435E1}"
EndProject
Project("{2150E333-8FDC-42A3-9474-1A3956D46DE8}") = "SubjectService", "SubjectService", "{9BD24D26-B2F1-42F8-90DB-A3F2C0B9C281}"
EndProject
Project("{FAE04EC0-301F-11D3-BF4B-00C04F79EFBC}") = "LYY.SubjectService.DataAccess", "02_Service\Service\SubjectService\LYY.SubjectService.DataAccess\LYY.SubjectService.DataAccess.csproj", "{0E5311E4-4175-48D6-B230-3BE61238BAF0}"
EndProject
Project("{FAE04EC0-301F-11D3-BF4B-00C04F79EFBC}") = "LYY.SubjectService.Service", "02_Service\Service\SubjectService\LYY.SubjectService.Service\LYY.SubjectService.Service.csproj", "{A97A0318-13C5-4A66-8E63-B955C4FC6302}"
EndProject
Project("{2150E333-8FDC-42A3-9474-1A3956D46DE8}") = "CommonService", "CommonService", "{519FD714-E3B7-46DA-9E45-0E038ED4105F}"
EndProject
Project("{FAE04EC0-301F-11D3-BF4B-00C04F79EFBC}") = "LYY.Common.Service", "02_Service\Service\CommonService\LYY.Common.Service\LYY.Common.Service.csproj", "{DD933CAE-2722-47B8-8370-B06B95D6B965}"
EndProject
Project("{FAE04EC0-301F-11D3-BF4B-00C04F79EFBC}") = "LYY.Common.DataAccess", "02_Service\Service\CommonService\LYY.Common.DataAccess\LYY.Common.DataAccess.csproj", "{1A82F99D-EF3C-410A-BBE6-D6FD06229B2E}"
EndProject
Project("{FAE04EC0-301F-11D3-BF4B-00C04F79EFBC}") = "LYY.Report.Entity", "01_Entity\LYY.Report.Entity\LYY.Report.Entity.csproj", "{7878341A-1C3C-4989-9C7F-3DC91F877590}"
EndProject
Project("{2150E333-8FDC-42A3-9474-1A3956D46DE8}") = "ReportService", "ReportService", "{D8633A15-08F1-41CC-BF86-16E3697AD491}"
EndProject
Project("{FAE04EC0-301F-11D3-BF4B-00C04F79EFBC}") = "LYY.ReportService.DataAccess", "02_Service\Service\ReportService\LYY.ReportService.DataAccess\LYY.ReportService.DataAccess.csproj", "{099FC12C-5FB7-49BA-A8A9-27B8C12E9A7C}"
EndProject
Project("{FAE04EC0-301F-11D3-BF4B-00C04F79EFBC}") = "LYY.ReportService.Service", "02_Service\Service\ReportService\LYY.ReportService.Service\LYY.ReportService.Service.csproj", "{95238314-4BE8-4DA4-8595-3E8F2E5C3689}"
EndProject
Project("{2150E333-8FDC-42A3-9474-1A3956D46DE8}") = "MockTestService", "MockTestService", "{FE4023F1-2424-4EDA-8A21-8E3B03C452D7}"
EndProject
Project("{FAE04EC0-301F-11D3-BF4B-00C04F79EFBC}") = "LYY.MockTestService.DataAccess", "02_Service\Service\MockTestService\LYY.MockTestService.DataAccess\LYY.MockTestService.DataAccess.csproj", "{99A7D9B9-6EE8-45DC-9812-CA25643D775B}"
EndProject
Project("{FAE04EC0-301F-11D3-BF4B-00C04F79EFBC}") = "LYY.MockTestService.Service", "02_Service\Service\MockTestService\LYY.MockTestService.Service\LYY.MockTestService.Service.csproj", "{359B4656-7D04-4102-AFDC-F309A2EC6730}"
EndProject
Project("{FAE04EC0-301F-11D3-BF4B-00C04F79EFBC}") = "LYY.MockTest.Entity", "01_Entity\LYY.MockTest.Entity\LYY.MockTest.Entity.csproj", "{DD353C5A-D836-43EB-8F7B-DCF256CE8D28}"
EndProject
Project("{2150E333-8FDC-42A3-9474-1A3956D46DE8}") = "04_FormService", "04_FormService", "{69489054-9A80-456E-B1EB-0B0F0DDF0157}"
EndProject
Project("{FAE04EC0-301F-11D3-BF4B-00C04F79EFBC}") = "TimerService", "TimerService\TimerService.csproj", "{81ED9CB9-B97F-46CB-867B-D8B10282B651}"
EndProject
Project("{FAE04EC0-301F-11D3-BF4B-00C04F79EFBC}") = "LYY.InfoManage.Entity", "01_Entity\LYY.InfoManage.Entity\LYY.InfoManage.Entity.csproj", "{9151C377-EE81-4170-B537-CA44F0F60B36}"
EndProject
Project("{2150E333-8FDC-42A3-9474-1A3956D46DE8}") = "InfoManageService", "InfoManageService", "{5717BAB2-9706-4848-BF41-A2FFA2B3557E}"
EndProject
Project("{FAE04EC0-301F-11D3-BF4B-00C04F79EFBC}") = "LYY.InfoManageService.DataAccess", "02_Service\Service\LYY.InfoManageService.DataAccess\LYY.InfoManageService.DataAccess.csproj", "{9D60AD77-B6CC-4BF9-8469-539717D04061}"
EndProject
Project("{FAE04EC0-301F-11D3-BF4B-00C04F79EFBC}") = "LYY.InfoManageService.Service", "02_Service\Service\LYY.InfoManageService.Service\LYY.InfoManageService.Service.csproj", "{B70A12DB-6AAC-49F5-A0F5-5730D00A1EE2}"
EndProject
Project("{FAE04EC0-301F-11D3-BF4B-00C04F79EFBC}") = "LYY.VotingEvents.Entity", "01_Entity\LYY.VotingEvents.Entity\LYY.VotingEvents.Entity.csproj", "{5061E8C7-E22C-41FE-9882-5B8B0EEC765A}"
EndProject
Project("{2150E333-8FDC-42A3-9474-1A3956D46DE8}") = "VotingEventsService", "VotingEventsService", "{8BA5D954-A2F3-4AA9-9C5E-69CB5EC72A01}"
EndProject
Project("{FAE04EC0-301F-11D3-BF4B-00C04F79EFBC}") = "LYY.VotingEventsService.DataAccess", "02_Service\Service\VotingEventsService\LYY.VotingEventsService.DataAccess\LYY.VotingEventsService.DataAccess.csproj", "{A9C88C5A-DAEF-488F-A7AB-B55255621BC7}"
EndProject
Project("{FAE04EC0-301F-11D3-BF4B-00C04F79EFBC}") = "LYY.VotingEventsService.Service", "02_Service\Service\VotingEventsService\LYY.VotingEventsService.Service\LYY.VotingEventsService.Service.csproj", "{4875C5CE-0308-43FA-900A-44632BCA54F7}"
EndProject
Project("{FAE04EC0-301F-11D3-BF4B-00C04F79EFBC}") = "LYY.OperationGuide.Entity", "01_Entity\LYY.OperationGuide.Entity\LYY.OperationGuide.Entity.csproj", "{69551B49-FDAA-41EB-B476-A2668E99C9F4}"
EndProject
Global
	GlobalSection(SolutionConfigurationPlatforms) = preSolution
		Debug|Any CPU = Debug|Any CPU
		Release|Any CPU = Release|Any CPU
	EndGlobalSection
	GlobalSection(ProjectConfigurationPlatforms) = postSolution
		{FD59122D-FEB8-41D6-B2F2-714B7A8684F2}.Debug|Any CPU.ActiveCfg = Debug|Any CPU
		{FD59122D-FEB8-41D6-B2F2-714B7A8684F2}.Debug|Any CPU.Build.0 = Debug|Any CPU
		{FD59122D-FEB8-41D6-B2F2-714B7A8684F2}.Release|Any CPU.ActiveCfg = Release|Any CPU
		{FD59122D-FEB8-41D6-B2F2-714B7A8684F2}.Release|Any CPU.Build.0 = Release|Any CPU
		{23746F54-D557-4734-A4DB-B11FE43E9EA5}.Debug|Any CPU.ActiveCfg = Debug|Any CPU
		{23746F54-D557-4734-A4DB-B11FE43E9EA5}.Debug|Any CPU.Build.0 = Debug|Any CPU
		{23746F54-D557-4734-A4DB-B11FE43E9EA5}.Release|Any CPU.ActiveCfg = Release|Any CPU
		{23746F54-D557-4734-A4DB-B11FE43E9EA5}.Release|Any CPU.Build.0 = Release|Any CPU
		{693E44AE-218E-4177-9AC6-BEEC00F64F7A}.Debug|Any CPU.ActiveCfg = Debug|Any CPU
		{693E44AE-218E-4177-9AC6-BEEC00F64F7A}.Debug|Any CPU.Build.0 = Debug|Any CPU
		{693E44AE-218E-4177-9AC6-BEEC00F64F7A}.Release|Any CPU.ActiveCfg = Release|Any CPU
		{693E44AE-218E-4177-9AC6-BEEC00F64F7A}.Release|Any CPU.Build.0 = Release|Any CPU
		{A289F048-AE53-4F01-A73F-7A4145D196B1}.Debug|Any CPU.ActiveCfg = Debug|Any CPU
		{A289F048-AE53-4F01-A73F-7A4145D196B1}.Debug|Any CPU.Build.0 = Debug|Any CPU
		{A289F048-AE53-4F01-A73F-7A4145D196B1}.Release|Any CPU.ActiveCfg = Release|Any CPU
		{A289F048-AE53-4F01-A73F-7A4145D196B1}.Release|Any CPU.Build.0 = Release|Any CPU
		{105FC1CA-E6C1-452E-B638-157F9688A902}.Debug|Any CPU.ActiveCfg = Debug|Any CPU
		{105FC1CA-E6C1-452E-B638-157F9688A902}.Debug|Any CPU.Build.0 = Debug|Any CPU
		{105FC1CA-E6C1-452E-B638-157F9688A902}.Release|Any CPU.ActiveCfg = Release|Any CPU
		{105FC1CA-E6C1-452E-B638-157F9688A902}.Release|Any CPU.Build.0 = Release|Any CPU
		{60B6B4DB-67C2-4405-93D4-2BB697196808}.Debug|Any CPU.ActiveCfg = Debug|Any CPU
		{60B6B4DB-67C2-4405-93D4-2BB697196808}.Debug|Any CPU.Build.0 = Debug|Any CPU
		{60B6B4DB-67C2-4405-93D4-2BB697196808}.Release|Any CPU.ActiveCfg = Release|Any CPU
		{60B6B4DB-67C2-4405-93D4-2BB697196808}.Release|Any CPU.Build.0 = Release|Any CPU
		{B77A9415-D73E-4510-8791-35EADF689029}.Debug|Any CPU.ActiveCfg = Debug|Any CPU
		{B77A9415-D73E-4510-8791-35EADF689029}.Debug|Any CPU.Build.0 = Debug|Any CPU
		{B77A9415-D73E-4510-8791-35EADF689029}.Release|Any CPU.ActiveCfg = Release|Any CPU
		{B77A9415-D73E-4510-8791-35EADF689029}.Release|Any CPU.Build.0 = Release|Any CPU
		{703F5747-A7C1-4CAB-8899-51CB3DCDA844}.Debug|Any CPU.ActiveCfg = Debug|Any CPU
		{703F5747-A7C1-4CAB-8899-51CB3DCDA844}.Debug|Any CPU.Build.0 = Debug|Any CPU
		{703F5747-A7C1-4CAB-8899-51CB3DCDA844}.Release|Any CPU.ActiveCfg = Release|Any CPU
		{703F5747-A7C1-4CAB-8899-51CB3DCDA844}.Release|Any CPU.Build.0 = Release|Any CPU
		{98626A16-7A5D-4580-AD9C-B55895E2E1A8}.Debug|Any CPU.ActiveCfg = Debug|Any CPU
		{98626A16-7A5D-4580-AD9C-B55895E2E1A8}.Debug|Any CPU.Build.0 = Debug|Any CPU
		{98626A16-7A5D-4580-AD9C-B55895E2E1A8}.Release|Any CPU.ActiveCfg = Release|Any CPU
		{98626A16-7A5D-4580-AD9C-B55895E2E1A8}.Release|Any CPU.Build.0 = Release|Any CPU
		{3123D0DC-0489-4F1C-BA09-BACB58127D11}.Debug|Any CPU.ActiveCfg = Debug|Any CPU
		{3123D0DC-0489-4F1C-BA09-BACB58127D11}.Debug|Any CPU.Build.0 = Debug|Any CPU
		{3123D0DC-0489-4F1C-BA09-BACB58127D11}.Release|Any CPU.ActiveCfg = Release|Any CPU
		{3123D0DC-0489-4F1C-BA09-BACB58127D11}.Release|Any CPU.Build.0 = Release|Any CPU
		{84344625-7F62-413E-9EB1-89AA5CDCB2A0}.Debug|Any CPU.ActiveCfg = Debug|Any CPU
		{84344625-7F62-413E-9EB1-89AA5CDCB2A0}.Debug|Any CPU.Build.0 = Debug|Any CPU
		{84344625-7F62-413E-9EB1-89AA5CDCB2A0}.Release|Any CPU.ActiveCfg = Release|Any CPU
		{84344625-7F62-413E-9EB1-89AA5CDCB2A0}.Release|Any CPU.Build.0 = Release|Any CPU
		{72B54B8D-A5E8-44A8-920A-2D40CE52F107}.Debug|Any CPU.ActiveCfg = Debug|Any CPU
		{72B54B8D-A5E8-44A8-920A-2D40CE52F107}.Debug|Any CPU.Build.0 = Debug|Any CPU
		{72B54B8D-A5E8-44A8-920A-2D40CE52F107}.Release|Any CPU.ActiveCfg = Release|Any CPU
		{72B54B8D-A5E8-44A8-920A-2D40CE52F107}.Release|Any CPU.Build.0 = Release|Any CPU
		{379BF747-BF5B-4552-9F96-AB6AFD21A7F7}.Debug|Any CPU.ActiveCfg = Debug|Any CPU
		{379BF747-BF5B-4552-9F96-AB6AFD21A7F7}.Debug|Any CPU.Build.0 = Debug|Any CPU
		{379BF747-BF5B-4552-9F96-AB6AFD21A7F7}.Release|Any CPU.ActiveCfg = Release|Any CPU
		{379BF747-BF5B-4552-9F96-AB6AFD21A7F7}.Release|Any CPU.Build.0 = Release|Any CPU
		{F637E8AF-9EC0-438D-9EEF-EFBD9480E545}.Debug|Any CPU.ActiveCfg = Debug|Any CPU
		{F637E8AF-9EC0-438D-9EEF-EFBD9480E545}.Debug|Any CPU.Build.0 = Debug|Any CPU
		{F637E8AF-9EC0-438D-9EEF-EFBD9480E545}.Release|Any CPU.ActiveCfg = Release|Any CPU
		{F637E8AF-9EC0-438D-9EEF-EFBD9480E545}.Release|Any CPU.Build.0 = Release|Any CPU
		{55114C87-EA7C-4846-9C4A-7C56C0C4F9A5}.Debug|Any CPU.ActiveCfg = Debug|Any CPU
		{55114C87-EA7C-4846-9C4A-7C56C0C4F9A5}.Debug|Any CPU.Build.0 = Debug|Any CPU
		{55114C87-EA7C-4846-9C4A-7C56C0C4F9A5}.Release|Any CPU.ActiveCfg = Release|Any CPU
		{55114C87-EA7C-4846-9C4A-7C56C0C4F9A5}.Release|Any CPU.Build.0 = Release|Any CPU
		{C877E0B1-21DE-4519-8460-FDC918E435E1}.Debug|Any CPU.ActiveCfg = Debug|Any CPU
		{C877E0B1-21DE-4519-8460-FDC918E435E1}.Debug|Any CPU.Build.0 = Debug|Any CPU
		{C877E0B1-21DE-4519-8460-FDC918E435E1}.Release|Any CPU.ActiveCfg = Release|Any CPU
		{C877E0B1-21DE-4519-8460-FDC918E435E1}.Release|Any CPU.Build.0 = Release|Any CPU
		{0E5311E4-4175-48D6-B230-3BE61238BAF0}.Debug|Any CPU.ActiveCfg = Debug|Any CPU
		{0E5311E4-4175-48D6-B230-3BE61238BAF0}.Debug|Any CPU.Build.0 = Debug|Any CPU
		{0E5311E4-4175-48D6-B230-3BE61238BAF0}.Release|Any CPU.ActiveCfg = Release|Any CPU
		{0E5311E4-4175-48D6-B230-3BE61238BAF0}.Release|Any CPU.Build.0 = Release|Any CPU
		{A97A0318-13C5-4A66-8E63-B955C4FC6302}.Debug|Any CPU.ActiveCfg = Debug|Any CPU
		{A97A0318-13C5-4A66-8E63-B955C4FC6302}.Debug|Any CPU.Build.0 = Debug|Any CPU
		{A97A0318-13C5-4A66-8E63-B955C4FC6302}.Release|Any CPU.ActiveCfg = Release|Any CPU
		{A97A0318-13C5-4A66-8E63-B955C4FC6302}.Release|Any CPU.Build.0 = Release|Any CPU
		{DD933CAE-2722-47B8-8370-B06B95D6B965}.Debug|Any CPU.ActiveCfg = Debug|Any CPU
		{DD933CAE-2722-47B8-8370-B06B95D6B965}.Debug|Any CPU.Build.0 = Debug|Any CPU
		{DD933CAE-2722-47B8-8370-B06B95D6B965}.Release|Any CPU.ActiveCfg = Release|Any CPU
		{DD933CAE-2722-47B8-8370-B06B95D6B965}.Release|Any CPU.Build.0 = Release|Any CPU
		{1A82F99D-EF3C-410A-BBE6-D6FD06229B2E}.Debug|Any CPU.ActiveCfg = Debug|Any CPU
		{1A82F99D-EF3C-410A-BBE6-D6FD06229B2E}.Debug|Any CPU.Build.0 = Debug|Any CPU
		{1A82F99D-EF3C-410A-BBE6-D6FD06229B2E}.Release|Any CPU.ActiveCfg = Release|Any CPU
		{1A82F99D-EF3C-410A-BBE6-D6FD06229B2E}.Release|Any CPU.Build.0 = Release|Any CPU
		{7878341A-1C3C-4989-9C7F-3DC91F877590}.Debug|Any CPU.ActiveCfg = Debug|Any CPU
		{7878341A-1C3C-4989-9C7F-3DC91F877590}.Debug|Any CPU.Build.0 = Debug|Any CPU
		{7878341A-1C3C-4989-9C7F-3DC91F877590}.Release|Any CPU.ActiveCfg = Release|Any CPU
		{7878341A-1C3C-4989-9C7F-3DC91F877590}.Release|Any CPU.Build.0 = Release|Any CPU
		{099FC12C-5FB7-49BA-A8A9-27B8C12E9A7C}.Debug|Any CPU.ActiveCfg = Debug|Any CPU
		{099FC12C-5FB7-49BA-A8A9-27B8C12E9A7C}.Debug|Any CPU.Build.0 = Debug|Any CPU
		{099FC12C-5FB7-49BA-A8A9-27B8C12E9A7C}.Release|Any CPU.ActiveCfg = Release|Any CPU
		{099FC12C-5FB7-49BA-A8A9-27B8C12E9A7C}.Release|Any CPU.Build.0 = Release|Any CPU
		{95238314-4BE8-4DA4-8595-3E8F2E5C3689}.Debug|Any CPU.ActiveCfg = Debug|Any CPU
		{95238314-4BE8-4DA4-8595-3E8F2E5C3689}.Debug|Any CPU.Build.0 = Debug|Any CPU
		{95238314-4BE8-4DA4-8595-3E8F2E5C3689}.Release|Any CPU.ActiveCfg = Release|Any CPU
		{95238314-4BE8-4DA4-8595-3E8F2E5C3689}.Release|Any CPU.Build.0 = Release|Any CPU
		{99A7D9B9-6EE8-45DC-9812-CA25643D775B}.Debug|Any CPU.ActiveCfg = Debug|Any CPU
		{99A7D9B9-6EE8-45DC-9812-CA25643D775B}.Debug|Any CPU.Build.0 = Debug|Any CPU
		{99A7D9B9-6EE8-45DC-9812-CA25643D775B}.Release|Any CPU.ActiveCfg = Release|Any CPU
		{99A7D9B9-6EE8-45DC-9812-CA25643D775B}.Release|Any CPU.Build.0 = Release|Any CPU
		{359B4656-7D04-4102-AFDC-F309A2EC6730}.Debug|Any CPU.ActiveCfg = Debug|Any CPU
		{359B4656-7D04-4102-AFDC-F309A2EC6730}.Debug|Any CPU.Build.0 = Debug|Any CPU
		{359B4656-7D04-4102-AFDC-F309A2EC6730}.Release|Any CPU.ActiveCfg = Release|Any CPU
		{359B4656-7D04-4102-AFDC-F309A2EC6730}.Release|Any CPU.Build.0 = Release|Any CPU
		{DD353C5A-D836-43EB-8F7B-DCF256CE8D28}.Debug|Any CPU.ActiveCfg = Debug|Any CPU
		{DD353C5A-D836-43EB-8F7B-DCF256CE8D28}.Debug|Any CPU.Build.0 = Debug|Any CPU
		{DD353C5A-D836-43EB-8F7B-DCF256CE8D28}.Release|Any CPU.ActiveCfg = Release|Any CPU
		{DD353C5A-D836-43EB-8F7B-DCF256CE8D28}.Release|Any CPU.Build.0 = Release|Any CPU
		{81ED9CB9-B97F-46CB-867B-D8B10282B651}.Debug|Any CPU.ActiveCfg = Debug|Any CPU
		{81ED9CB9-B97F-46CB-867B-D8B10282B651}.Debug|Any CPU.Build.0 = Debug|Any CPU
		{81ED9CB9-B97F-46CB-867B-D8B10282B651}.Release|Any CPU.ActiveCfg = Release|Any CPU
		{81ED9CB9-B97F-46CB-867B-D8B10282B651}.Release|Any CPU.Build.0 = Release|Any CPU
		{9151C377-EE81-4170-B537-CA44F0F60B36}.Debug|Any CPU.ActiveCfg = Debug|Any CPU
		{9151C377-EE81-4170-B537-CA44F0F60B36}.Debug|Any CPU.Build.0 = Debug|Any CPU
		{9151C377-EE81-4170-B537-CA44F0F60B36}.Release|Any CPU.ActiveCfg = Release|Any CPU
		{9151C377-EE81-4170-B537-CA44F0F60B36}.Release|Any CPU.Build.0 = Release|Any CPU
		{9D60AD77-B6CC-4BF9-8469-539717D04061}.Debug|Any CPU.ActiveCfg = Debug|Any CPU
		{9D60AD77-B6CC-4BF9-8469-539717D04061}.Debug|Any CPU.Build.0 = Debug|Any CPU
		{9D60AD77-B6CC-4BF9-8469-539717D04061}.Release|Any CPU.ActiveCfg = Release|Any CPU
		{9D60AD77-B6CC-4BF9-8469-539717D04061}.Release|Any CPU.Build.0 = Release|Any CPU
		{B70A12DB-6AAC-49F5-A0F5-5730D00A1EE2}.Debug|Any CPU.ActiveCfg = Debug|Any CPU
		{B70A12DB-6AAC-49F5-A0F5-5730D00A1EE2}.Debug|Any CPU.Build.0 = Debug|Any CPU
		{B70A12DB-6AAC-49F5-A0F5-5730D00A1EE2}.Release|Any CPU.ActiveCfg = Release|Any CPU
		{B70A12DB-6AAC-49F5-A0F5-5730D00A1EE2}.Release|Any CPU.Build.0 = Release|Any CPU
		{5061E8C7-E22C-41FE-9882-5B8B0EEC765A}.Debug|Any CPU.ActiveCfg = Debug|Any CPU
		{5061E8C7-E22C-41FE-9882-5B8B0EEC765A}.Debug|Any CPU.Build.0 = Debug|Any CPU
		{5061E8C7-E22C-41FE-9882-5B8B0EEC765A}.Release|Any CPU.ActiveCfg = Release|Any CPU
		{5061E8C7-E22C-41FE-9882-5B8B0EEC765A}.Release|Any CPU.Build.0 = Release|Any CPU
		{A9C88C5A-DAEF-488F-A7AB-B55255621BC7}.Debug|Any CPU.ActiveCfg = Debug|Any CPU
		{A9C88C5A-DAEF-488F-A7AB-B55255621BC7}.Debug|Any CPU.Build.0 = Debug|Any CPU
		{A9C88C5A-DAEF-488F-A7AB-B55255621BC7}.Release|Any CPU.ActiveCfg = Release|Any CPU
		{A9C88C5A-DAEF-488F-A7AB-B55255621BC7}.Release|Any CPU.Build.0 = Release|Any CPU
		{4875C5CE-0308-43FA-900A-44632BCA54F7}.Debug|Any CPU.ActiveCfg = Debug|Any CPU
		{4875C5CE-0308-43FA-900A-44632BCA54F7}.Debug|Any CPU.Build.0 = Debug|Any CPU
		{4875C5CE-0308-43FA-900A-44632BCA54F7}.Release|Any CPU.ActiveCfg = Release|Any CPU
		{4875C5CE-0308-43FA-900A-44632BCA54F7}.Release|Any CPU.Build.0 = Release|Any CPU
		{69551B49-FDAA-41EB-B476-A2668E99C9F4}.Debug|Any CPU.ActiveCfg = Debug|Any CPU
		{69551B49-FDAA-41EB-B476-A2668E99C9F4}.Debug|Any CPU.Build.0 = Debug|Any CPU
		{69551B49-FDAA-41EB-B476-A2668E99C9F4}.Release|Any CPU.ActiveCfg = Release|Any CPU
		{69551B49-FDAA-41EB-B476-A2668E99C9F4}.Release|Any CPU.Build.0 = Release|Any CPU
	EndGlobalSection
	GlobalSection(SolutionProperties) = preSolution
		HideSolutionNode = FALSE
	EndGlobalSection
	GlobalSection(NestedProjects) = preSolution
		{43B90E58-B925-4A04-ACF6-D6A97F38214D} = {282322FB-34C4-4FAC-9BD3-C7B29D6BCD56}
		{C838459A-5EEF-4052-934F-B6B11A51DEEF} = {45C90E43-2BAC-4D7D-BC6A-166739FA1F43}
		{7BD39E34-7919-48DF-A213-B6F5255A75D2} = {45C90E43-2BAC-4D7D-BC6A-166739FA1F43}
		{FD59122D-FEB8-41D6-B2F2-714B7A8684F2} = {7BD39E34-7919-48DF-A213-B6F5255A75D2}
		{23746F54-D557-4734-A4DB-B11FE43E9EA5} = {C838459A-5EEF-4052-934F-B6B11A51DEEF}
		{79BEE873-A764-43C8-881A-838CC09FB8EE} = {43B90E58-B925-4A04-ACF6-D6A97F38214D}
		{693E44AE-218E-4177-9AC6-BEEC00F64F7A} = {79BEE873-A764-43C8-881A-838CC09FB8EE}
		{A289F048-AE53-4F01-A73F-7A4145D196B1} = {79BEE873-A764-43C8-881A-838CC09FB8EE}
		{105FC1CA-E6C1-452E-B638-157F9688A902} = {4E96BA9B-A760-400A-81C1-10F22B0BB05C}
		{60B6B4DB-67C2-4405-93D4-2BB697196808} = {4E96BA9B-A760-400A-81C1-10F22B0BB05C}
		{B77A9415-D73E-4510-8791-35EADF689029} = {B380A95C-523B-402A-8AD4-987423CC8D60}
		{B380A95C-523B-402A-8AD4-987423CC8D60} = {43B90E58-B925-4A04-ACF6-D6A97F38214D}
		{703F5747-A7C1-4CAB-8899-51CB3DCDA844} = {B380A95C-523B-402A-8AD4-987423CC8D60}
		{98626A16-7A5D-4580-AD9C-B55895E2E1A8} = {4E96BA9B-A760-400A-81C1-10F22B0BB05C}
		{81D8AE81-D407-4577-B62A-5DE5BBBA5D97} = {43B90E58-B925-4A04-ACF6-D6A97F38214D}
		{3123D0DC-0489-4F1C-BA09-BACB58127D11} = {81D8AE81-D407-4577-B62A-5DE5BBBA5D97}
		{84344625-7F62-413E-9EB1-89AA5CDCB2A0} = {81D8AE81-D407-4577-B62A-5DE5BBBA5D97}
		{72B54B8D-A5E8-44A8-920A-2D40CE52F107} = {4E96BA9B-A760-400A-81C1-10F22B0BB05C}
		{379BF747-BF5B-4552-9F96-AB6AFD21A7F7} = {4E96BA9B-A760-400A-81C1-10F22B0BB05C}
		{367E7ED6-8136-487A-80D3-90309271D748} = {43B90E58-B925-4A04-ACF6-D6A97F38214D}
		{F637E8AF-9EC0-438D-9EEF-EFBD9480E545} = {367E7ED6-8136-487A-80D3-90309271D748}
		{55114C87-EA7C-4846-9C4A-7C56C0C4F9A5} = {367E7ED6-8136-487A-80D3-90309271D748}
		{C877E0B1-21DE-4519-8460-FDC918E435E1} = {4E96BA9B-A760-400A-81C1-10F22B0BB05C}
		{9BD24D26-B2F1-42F8-90DB-A3F2C0B9C281} = {43B90E58-B925-4A04-ACF6-D6A97F38214D}
		{0E5311E4-4175-48D6-B230-3BE61238BAF0} = {9BD24D26-B2F1-42F8-90DB-A3F2C0B9C281}
		{A97A0318-13C5-4A66-8E63-B955C4FC6302} = {9BD24D26-B2F1-42F8-90DB-A3F2C0B9C281}
		{519FD714-E3B7-46DA-9E45-0E038ED4105F} = {43B90E58-B925-4A04-ACF6-D6A97F38214D}
		{DD933CAE-2722-47B8-8370-B06B95D6B965} = {519FD714-E3B7-46DA-9E45-0E038ED4105F}
		{1A82F99D-EF3C-410A-BBE6-D6FD06229B2E} = {519FD714-E3B7-46DA-9E45-0E038ED4105F}
		{7878341A-1C3C-4989-9C7F-3DC91F877590} = {4E96BA9B-A760-400A-81C1-10F22B0BB05C}
		{D8633A15-08F1-41CC-BF86-16E3697AD491} = {43B90E58-B925-4A04-ACF6-D6A97F38214D}
		{099FC12C-5FB7-49BA-A8A9-27B8C12E9A7C} = {D8633A15-08F1-41CC-BF86-16E3697AD491}
		{95238314-4BE8-4DA4-8595-3E8F2E5C3689} = {D8633A15-08F1-41CC-BF86-16E3697AD491}
		{FE4023F1-2424-4EDA-8A21-8E3B03C452D7} = {43B90E58-B925-4A04-ACF6-D6A97F38214D}
		{99A7D9B9-6EE8-45DC-9812-CA25643D775B} = {FE4023F1-2424-4EDA-8A21-8E3B03C452D7}
		{359B4656-7D04-4102-AFDC-F309A2EC6730} = {FE4023F1-2424-4EDA-8A21-8E3B03C452D7}
		{DD353C5A-D836-43EB-8F7B-DCF256CE8D28} = {4E96BA9B-A760-400A-81C1-10F22B0BB05C}
		{81ED9CB9-B97F-46CB-867B-D8B10282B651} = {69489054-9A80-456E-B1EB-0B0F0DDF0157}
		{9151C377-EE81-4170-B537-CA44F0F60B36} = {4E96BA9B-A760-400A-81C1-10F22B0BB05C}
		{5717BAB2-9706-4848-BF41-A2FFA2B3557E} = {43B90E58-B925-4A04-ACF6-D6A97F38214D}
		{9D60AD77-B6CC-4BF9-8469-539717D04061} = {5717BAB2-9706-4848-BF41-A2FFA2B3557E}
		{B70A12DB-6AAC-49F5-A0F5-5730D00A1EE2} = {5717BAB2-9706-4848-BF41-A2FFA2B3557E}
		{5061E8C7-E22C-41FE-9882-5B8B0EEC765A} = {4E96BA9B-A760-400A-81C1-10F22B0BB05C}
		{8BA5D954-A2F3-4AA9-9C5E-69CB5EC72A01} = {43B90E58-B925-4A04-ACF6-D6A97F38214D}
		{A9C88C5A-DAEF-488F-A7AB-B55255621BC7} = {8BA5D954-A2F3-4AA9-9C5E-69CB5EC72A01}
		{4875C5CE-0308-43FA-900A-44632BCA54F7} = {8BA5D954-A2F3-4AA9-9C5E-69CB5EC72A01}
		{69551B49-FDAA-41EB-B476-A2668E99C9F4} = {4E96BA9B-A760-400A-81C1-10F22B0BB05C}
	EndGlobalSection
	GlobalSection(ExtensibilityGlobals) = postSolution
		SolutionGuid = {6B3E06BC-97A0-4DE9-80FE-038CEFCBE29F}
	EndGlobalSection
	GlobalSection(SubversionScc) = preSolution
		Svn-Managed = True
		Manager = AnkhSVN - Subversion Support for Visual Studio
	EndGlobalSection
EndGlobal
